
Microsoft Visual Studio Solution File, Format Version 12.00
# Visual Studio Version 16
VisualStudioVersion = 16.0.29709.97
MinimumVisualStudioVersion = 10.0.40219.1
Project("{FAE04EC0-301F-11D3-BF4B-00C04F79EFBC}") = "InkbunnyLib", "..\InkbunnyLib.csproj", "{1B81D74A-314F-4E3D-A62C-3754FB4AF13A}"
EndProject
Project("{FAE04EC0-301F-11D3-BF4B-00C04F79EFBC}") = "InkbunnyLib.Example", "InkbunnyLib.Example.csproj", "{3263D7F4-C9EE-4559-A888-558B2026C525}"
EndProject
Global
	GlobalSection(SolutionConfigurationPlatforms) = preSolution
		Debug|Any CPU = Debug|Any CPU
		Release|Any CPU = Release|Any CPU
	EndGlobalSection
	GlobalSection(ProjectConfigurationPlatforms) = postSolution
		{1B81D74A-314F-4E3D-A62C-3754FB4AF13A}.Debug|Any CPU.ActiveCfg = Debug|Any CPU
		{1B81D74A-314F-4E3D-A62C-3754FB4AF13A}.Debug|Any CPU.Build.0 = Debug|Any CPU
		{1B81D74A-314F-4E3D-A62C-3754FB4AF13A}.Release|Any CPU.ActiveCfg = Release|Any CPU
		{1B81D74A-314F-4E3D-A62C-3754FB4AF13A}.Release|Any CPU.Build.0 = Release|Any CPU
		{3263D7F4-C9EE-4559-A888-558B2026C525}.Debug|Any CPU.ActiveCfg = Debug|Any CPU
		{3263D7F4-C9EE-4559-A888-558B2026C525}.Debug|Any CPU.Build.0 = Debug|Any CPU
		{3263D7F4-C9EE-4559-A888-558B2026C525}.Release|Any CPU.ActiveCfg = Release|Any CPU
		{3263D7F4-C9EE-4559-A888-558B2026C525}.Release|Any CPU.Build.0 = Release|Any CPU
	EndGlobalSection
	GlobalSection(SolutionProperties) = preSolution
		HideSolutionNode = FALSE
	EndGlobalSection
	GlobalSection(ExtensibilityGlobals) = postSolution
		SolutionGuid = {56130703-58E6-4BD7-8DE2-14A6759C54FD}
	EndGlobalSection
EndGlobal
